
Microsoft Visual Studio Solution File, Format Version 12.00
# Visual Studio Version 17
VisualStudioVersion = 17.13.35931.197 d17.13
MinimumVisualStudioVersion = 10.0.40219.1
Project("{FAE04EC0-301F-11D3-BF4B-00C04F79EFBC}") = "WindowOperatorUI", "WindowOperatorUI\WindowOperatorUI.csproj", "{A9D65DD6-1B5E-47D9-81BB-891145A40C8D}"
EndProject
Global
	GlobalSection(SolutionConfigurationPlatforms) = preSolution
		Debug|Any CPU = Debug|Any CPU
		Release|Any CPU = Release|Any CPU
	EndGlobalSection
	GlobalSection(ProjectConfigurationPlatforms) = postSolution
		{A9D65DD6-1B5E-47D9-81BB-891145A40C8D}.Debug|Any CPU.ActiveCfg = Debug|Any CPU
		{A9D65DD6-1B5E-47D9-81BB-891145A40C8D}.Debug|Any CPU.Build.0 = Debug|Any CPU
		{A9D65DD6-1B5E-47D9-81BB-891145A40C8D}.Release|Any CPU.ActiveCfg = Release|Any CPU
		{A9D65DD6-1B5E-47D9-81BB-891145A40C8D}.Release|Any CPU.Build.0 = Release|Any CPU
	EndGlobalSection
	GlobalSection(SolutionProperties) = preSolution
		HideSolutionNode = FALSE
	EndGlobalSection
	GlobalSection(ExtensibilityGlobals) = postSolution
		SolutionGuid = {2C9166F7-3236-4BE5-8A26-47161B6F3AD7}
	EndGlobalSection
EndGlobal
